{
  "name": "three.js-project",
  "version": "1.0.0",
  "lockfileVersion": 2,
  "requires": true,
  "packages": {
    "": {
      "name": "three.js-project",
      "version": "1.0.0",
      "license": "ISC",
      "dependencies": {
        "three": "^0.122.0",
        "three-nebula": "^10.0.1"
      }
    },
    "node_modules/lodash": {
      "version": "4.17.21",
      "resolved": "https://registry.npmjs.org/lodash/-/lodash-4.17.21.tgz",
      "integrity": "sha512-v2kDEe57lecTulaDIuNTPy3Ry4gLGJ6Z1O3vE1krgXZNrsQ+LFTGHVxVjcXPs17LhbZVGedAJv8XZ1tvj5FvSg=="
    },
    "node_modules/potpack": {
      "version": "1.0.1",
      "resolved": "https://registry.npmjs.org/potpack/-/potpack-1.0.1.tgz",
      "integrity": "sha512-15vItUAbViaYrmaB/Pbw7z6qX2xENbFSTA7Ii4tgbPtasxm5v6ryKhKtL91tpWovDJzTiZqdwzhcFBCwiMVdVw=="
    },
    "node_modules/three": {
      "version": "0.122.0",
      "resolved": "https://registry.npmjs.org/three/-/three-0.122.0.tgz",
      "integrity": "sha512-bgYMo0WdaQhf7DhLE8OSNN/rVFO5J4K1A2VeeKqoV4MjjuHjfCP6xLpg8Xedhns7NlEnN3sZ6VJROq19Qyl6Sg=="
    },
    "node_modules/three-nebula": {
      "version": "10.0.1",
      "resolved": "https://registry.npmjs.org/three-nebula/-/three-nebula-10.0.1.tgz",
      "integrity": "sha512-nYqDjbCaby2vLcdgsc8drFWDIdna0O4xYNGDtrAs04O7A/bjcY2dZQEEZdaVFPss6XxK6e9VSlwgM0iTHMbsIg==",
      "dependencies": {
        "lodash": "^4.17.19",
        "potpack": "^1.0.1",
        "uuid": "^3.3.2"
      },
      "peerDependencies": {
        "three": "^0.122.0"
      }
    },
    "node_modules/uuid": {
      "version": "3.4.0",
      "resolved": "https://registry.npmjs.org/uuid/-/uuid-3.4.0.tgz",
      "integrity": "sha512-HjSDRw6gZE5JMggctHBcjVak08+KEVhSIiDzFnT9S9aegmp85S/bReBVTb4QTFaRNptJ9kuYaNhnbNEOkbKb/A==",
      "bin": {
        "uuid": "bin/uuid"
      }
    }
  },
  "dependencies": {
    "lodash": {
      "version": "4.17.21",
      "resolved": "https://registry.npmjs.org/lodash/-/lodash-4.17.21.tgz",
      "integrity": "sha512-v2kDEe57lecTulaDIuNTPy3Ry4gLGJ6Z1O3vE1krgXZNrsQ+LFTGHVxVjcXPs17LhbZVGedAJv8XZ1tvj5FvSg=="
    },
    "potpack": {
      "version": "1.0.1",
      "resolved": "https://registry.npmjs.org/potpack/-/potpack-1.0.1.tgz",
      "integrity": "sha512-15vItUAbViaYrmaB/Pbw7z6qX2xENbFSTA7Ii4tgbPtasxm5v6ryKhKtL91tpWovDJzTiZqdwzhcFBCwiMVdVw=="
    },
    "three": {
      "version": "0.122.0",
      "resolved": "https://registry.npmjs.org/three/-/three-0.122.0.tgz",
      "integrity": "sha512-bgYMo0WdaQhf7DhLE8OSNN/rVFO5J4K1A2VeeKqoV4MjjuHjfCP6xLpg8Xedhns7NlEnN3sZ6VJROq19Qyl6Sg=="
    },
    "three-nebula": {
      "version": "10.0.1",
      "resolved": "https://registry.npmjs.org/three-nebula/-/three-nebula-10.0.1.tgz",
      "integrity": "sha512-nYqDjbCaby2vLcdgsc8drFWDIdna0O4xYNGDtrAs04O7A/bjcY2dZQEEZdaVFPss6XxK6e9VSlwgM0iTHMbsIg==",
      "requires": {
        "lodash": "^4.17.19",
        "potpack": "^1.0.1",
        "uuid": "^3.3.2"
      }
    },
    "uuid": {
      "version": "3.4.0",
      "resolved": "https://registry.npmjs.org/uuid/-/uuid-3.4.0.tgz",
      "integrity": "sha512-HjSDRw6gZE5JMggctHBcjVak08+KEVhSIiDzFnT9S9aegmp85S/bReBVTb4QTFaRNptJ9kuYaNhnbNEOkbKb/A=="
    }
  }
}
